
Microsoft Visual Studio Solution File, Format Version 12.00
# Visual Studio Version 16
VisualStudioVersion = 16.0.29505.145
MinimumVisualStudioVersion = 10.0.40219.1
Project("{FAE04EC0-301F-11D3-BF4B-00C04F79EFBC}") = "sud", "sud.csproj", "{4CBDF942-9831-4EA7-A2B8-C9FD416CF121}"
EndProject
Global
	GlobalSection(SolutionConfigurationPlatforms) = preSolution
		Debug|Any CPU = Debug|Any CPU
		Release|Any CPU = Release|Any CPU
	EndGlobalSection
	GlobalSection(ProjectConfigurationPlatforms) = postSolution
		{4CBDF942-9831-4EA7-A2B8-C9FD416CF121}.Debug|Any CPU.ActiveCfg = Debug|Any CPU
		{4CBDF942-9831-4EA7-A2B8-C9FD416CF121}.Debug|Any CPU.Build.0 = Debug|Any CPU
		{4CBDF942-9831-4EA7-A2B8-C9FD416CF121}.Release|Any CPU.ActiveCfg = Release|Any CPU
		{4CBDF942-9831-4EA7-A2B8-C9FD416CF121}.Release|Any CPU.Build.0 = Release|Any CPU
	EndGlobalSection
	GlobalSection(SolutionProperties) = preSolution
		HideSolutionNode = FALSE
	EndGlobalSection
	GlobalSection(ExtensibilityGlobals) = postSolution
		SolutionGuid = {EB585A2E-F974-4BEC-BCCD-0DCDFECE21DC}
	EndGlobalSection
EndGlobal
